
Microsoft Visual Studio Solution File, Format Version 12.00
# Visual Studio Version 16
VisualStudioVersion = 16.0.30621.155
MinimumVisualStudioVersion = 10.0.40219.1
Project("{FAE04EC0-301F-11D3-BF4B-00C04F79EFBC}") = "WebAPI", "WebAPI.csproj", "{72ABBFDD-FCC1-4DCB-9EA7-3E9D2C8E67EC}"
EndProject
Global
	GlobalSection(SolutionConfigurationPlatforms) = preSolution
		Debug|Any CPU = Debug|Any CPU
		Release|Any CPU = Release|Any CPU
	EndGlobalSection
	GlobalSection(ProjectConfigurationPlatforms) = postSolution
		{72ABBFDD-FCC1-4DCB-9EA7-3E9D2C8E67EC}.Debug|Any CPU.ActiveCfg = Debug|Any CPU
		{72ABBFDD-FCC1-4DCB-9EA7-3E9D2C8E67EC}.Debug|Any CPU.Build.0 = Debug|Any CPU
		{72ABBFDD-FCC1-4DCB-9EA7-3E9D2C8E67EC}.Release|Any CPU.ActiveCfg = Release|Any CPU
		{72ABBFDD-FCC1-4DCB-9EA7-3E9D2C8E67EC}.Release|Any CPU.Build.0 = Release|Any CPU
	EndGlobalSection
	GlobalSection(SolutionProperties) = preSolution
		HideSolutionNode = FALSE
	EndGlobalSection
	GlobalSection(ExtensibilityGlobals) = postSolution
		SolutionGuid = {015FE0AE-8BF7-4D9A-B01D-4E9B5DBF1A34}
	EndGlobalSection
EndGlobal
